// !$*UTF8*$!
{
	archiveVersion = 1;
	classes = {
	};
	objectVersion = 46;
	objects = {

/* Begin PBXBuildFile section */
		A859459A1DC5307400797F5F /* AppDelegate.swift in Sources */ = {isa = PBXBuildFile; fileRef = A85945991DC5307400797F5F /* AppDelegate.swift */; };
		A859459C1DC5307400797F5F /* ViewController.swift in Sources */ = {isa = PBXBuildFile; fileRef = A859459B1DC5307400797F5F /* ViewController.swift */; };
		A859459F1DC5307400797F5F /* Main.storyboard in Resources */ = {isa = PBXBuildFile; fileRef = A859459D1DC5307400797F5F /* Main.storyboard */; };
		A85945A21DC5307400797F5F /* UMove.xcdatamodeld in Sources */ = {isa = PBXBuildFile; fileRef = A85945A01DC5307400797F5F /* UMove.xcdatamodeld */; };
		A85945A41DC5307400797F5F /* Assets.xcassets in Resources */ = {isa = PBXBuildFile; fileRef = A85945A31DC5307400797F5F /* Assets.xcassets */; };
		A85945A71DC5307400797F5F /* LaunchScreen.storyboard in Resources */ = {isa = PBXBuildFile; fileRef = A85945A51DC5307400797F5F /* LaunchScreen.storyboard */; };
		A85945B21DC5307500797F5F /* UMoveTests.swift in Sources */ = {isa = PBXBuildFile; fileRef = A85945B11DC5307500797F5F /* UMoveTests.swift */; };
		A85945BD1DC5307500797F5F /* UMoveUITests.swift in Sources */ = {isa = PBXBuildFile; fileRef = A85945BC1DC5307500797F5F /* UMoveUITests.swift */; };
/* End PBXBuildFile section */

/* Begin PBXContainerItemProxy section */
		A85945AE1DC5307500797F5F /* PBXContainerItemProxy */ = {
			isa = PBXContainerItemProxy;
			containerPortal = A859458E1DC5307400797F5F /* Project object */;
			proxyType = 1;
			remoteGlobalIDString = A85945951DC5307400797F5F;
			remoteInfo = UMove;
		};
		A85945B91DC5307500797F5F /* PBXContainerItemProxy */ = {
			isa = PBXContainerItemProxy;
			containerPortal = A859458E1DC5307400797F5F /* Project object */;
			proxyType = 1;
			remoteGlobalIDString = A85945951DC5307400797F5F;
			remoteInfo = UMove;
		};
/* End PBXContainerItemProxy section */

/* Begin PBXFileReference section */
		A85945961DC5307400797F5F /* UMove.app */ = {isa = PBXFileReference; explicitFileType = wrapper.application; includeInIndex = 0; path = UMove.app; sourceTree = BUILT_PRODUCTS_DIR; };
		A85945991DC5307400797F5F /* AppDelegate.swift */ = {isa = PBXFileReference; lastKnownFileType = sourcecode.swift; path = AppDelegate.swift; sourceTree = "<group>"; };
		A859459B1DC5307400797F5F /* ViewController.swift */ = {isa = PBXFileReference; lastKnownFileType = sourcecode.swift; path = ViewController.swift; sourceTree = "<group>"; };
		A859459E1DC5307400797F5F /* Base */ = {isa = PBXFileReference; lastKnownFileType = file.storyboard; name = Base; path = Base.lproj/Main.storyboard; sourceTree = "<group>"; };
		A85945A11DC5307400797F5F /* UMove.xcdatamodel */ = {isa = PBXFileReference; lastKnownFileType = wrapper.xcdatamodel; path = UMove.xcdatamodel; sourceTree = "<group>"; };
		A85945A31DC5307400797F5F /* Assets.xcassets */ = {isa = PBXFileReference; lastKnownFileType = folder.assetcatalog; path = Assets.xcassets; sourceTree = "<group>"; };
		A85945A61DC5307400797F5F /* Base */ = {isa = PBXFileReference; lastKnownFileType = file.storyboard; name = Base; path = Base.lproj/LaunchScreen.storyboard; sourceTree = "<group>"; };
		A85945A81DC5307400797F5F /* Info.plist */ = {isa = PBXFileReference; lastKnownFileType = text.plist.xml; path = Info.plist; sourceTree = "<group>"; };
		A85945AD1DC5307500797F5F /* UMoveTests.xctest */ = {isa = PBXFileReference; explicitFileType = wrapper.cfbundle; includeInIndex = 0; path = UMoveTests.xctest; sourceTree = BUILT_PRODUCTS_DIR; };
		A85945B11DC5307500797F5F /* UMoveTests.swift */ = {isa = PBXFileReference; lastKnownFileType = sourcecode.swift; path = UMoveTests.swift; sourceTree = "<group>"; };
		A85945B31DC5307500797F5F /* Info.plist */ = {isa = PBXFileReference; lastKnownFileType = text.plist.xml; path = Info.plist; sourceTree = "<group>"; };
		A85945B81DC5307500797F5F /* UMoveUITests.xctest */ = {isa = PBXFileReference; explicitFileType = wrapper.cfbundle; includeInIndex = 0; path = UMoveUITests.xctest; sourceTree = BUILT_PRODUCTS_DIR; };
		A85945BC1DC5307500797F5F /* UMoveUITests.swift */ = {isa = PBXFileReference; lastKnownFileType = sourcecode.swift; path = UMoveUITests.swift; sourceTree = "<group>"; };
		A85945BE1DC5307500797F5F /* Info.plist */ = {isa = PBXFileReference; lastKnownFileType = text.plist.xml; path = Info.plist; sourceTree = "<group>"; };
/* End PBXFileReference section */

/* Begin PBXFrameworksBuildPhase section */
		A85945931DC5307400797F5F /* Frameworks */ = {
			isa = PBXFrameworksBuildPhase;
			buildActionMask = 2147483647;
			files = (
			);
			runOnlyForDeploymentPostprocessing = 0;
		};
		A85945AA1DC5307500797F5F /* Frameworks */ = {
			isa = PBXFrameworksBuildPhase;
			buildActionMask = 2147483647;
			files = (
			);
			runOnlyForDeploymentPostprocessing = 0;
		};
		A85945B51DC5307500797F5F /* Frameworks */ = {
			isa = PBXFrameworksBuildPhase;
			buildActionMask = 2147483647;
			files = (
			);
			runOnlyForDeploymentPostprocessing = 0;
		};
/* End PBXFrameworksBuildPhase section */

/* Begin PBXGroup section */
		A859458D1DC5307400797F5F = {
			isa = PBXGroup;
			children = (
				A85945981DC5307400797F5F /* UMove */,
				A85945B01DC5307500797F5F /* UMoveTests */,
				A85945BB1DC5307500797F5F /* UMoveUITests */,
				A85945971DC5307400797F5F /* Products */,
			);
			sourceTree = "<group>";
		};
		A85945971DC5307400797F5F /* Products */ = {
			isa = PBXGroup;
			children = (
				A85945961DC5307400797F5F /* UMove.app */,
				A85945AD1DC5307500797F5F /* UMoveTests.xctest */,
				A85945B81DC5307500797F5F /* UMoveUITests.xctest */,
			);
			name = Products;
			sourceTree = "<group>";
		};
		A85945981DC5307400797F5F /* UMove */ = {
			isa = PBXGroup;
			children = (
				A85945991DC5307400797F5F /* AppDelegate.swift */,
				A859459B1DC5307400797F5F /* ViewController.swift */,
				A859459D1DC5307400797F5F /* Main.storyboard */,
				A85945A31DC5307400797F5F /* Assets.xcassets */,
				A85945A51DC5307400797F5F /* LaunchScreen.storyboard */,
				A85945A81DC5307400797F5F /* Info.plist */,
				A85945A01DC5307400797F5F /* UMove.xcdatamodeld */,
			);
			path = UMove;
			sourceTree = "<group>";
		};
		A85945B01DC5307500797F5F /* UMoveTests */ = {
			isa = PBXGroup;
			children = (
				A85945B11DC5307500797F5F /* UMoveTests.swift */,
				A85945B31DC5307500797F5F /* Info.plist */,
			);
			path = UMoveTests;
			sourceTree = "<group>";
		};
		A85945BB1DC5307500797F5F /* UMoveUITests */ = {
			isa = PBXGroup;
			children = (
				A85945BC1DC5307500797F5F /* UMoveUITests.swift */,
				A85945BE1DC5307500797F5F /* Info.plist */,
			);
			path = UMoveUITests;
			sourceTree = "<group>";
		};
/* End PBXGroup section */

/* Begin PBXNativeTarget section */
		A85945951DC5307400797F5F /* UMove */ = {
			isa = PBXNativeTarget;
			buildConfigurationList = A85945C11DC5307500797F5F /* Build configuration list for PBXNativeTarget "UMove" */;
			buildPhases = (
				A85945921DC5307400797F5F /* Sources */,
				A85945931DC5307400797F5F /* Frameworks */,
				A85945941DC5307400797F5F /* Resources */,
			);
			buildRules = (
			);
			dependencies = (
			);
			name = UMove;
			productName = UMove;
			productReference = A85945961DC5307400797F5F /* UMove.app */;
			productType = "com.apple.product-type.application";
		};
		A85945AC1DC5307500797F5F /* UMoveTests */ = {
			isa = PBXNativeTarget;
			buildConfigurationList = A85945C41DC5307500797F5F /* Build configuration list for PBXNativeTarget "UMoveTests" */;
			buildPhases = (
				A85945A91DC5307500797F5F /* Sources */,
				A85945AA1DC5307500797F5F /* Frameworks */,
				A85945AB1DC5307500797F5F /* Resources */,
			);
			buildRules = (
			);
			dependencies = (
				A85945AF1DC5307500797F5F /* PBXTargetDependency */,
			);
			name = UMoveTests;
			productName = UMoveTests;
			productReference = A85945AD1DC5307500797F5F /* UMoveTests.xctest */;
			productType = "com.apple.product-type.bundle.unit-test";
		};
		A85945B71DC5307500797F5F /* UMoveUITests */ = {
			isa = PBXNativeTarget;
			buildConfigurationList = A85945C71DC5307500797F5F /* Build configuration list for PBXNativeTarget "UMoveUITests" */;
			buildPhases = (
				A85945B41DC5307500797F5F /* Sources */,
				A85945B51DC5307500797F5F /* Frameworks */,
				A85945B61DC5307500797F5F /* Resources */,
			);
			buildRules = (
			);
			dependencies = (
				A85945BA1DC5307500797F5F /* PBXTargetDependency */,
			);
			name = UMoveUITests;
			productName = UMoveUITests;
			productReference = A85945B81DC5307500797F5F /* UMoveUITests.xctest */;
			productType = "com.apple.product-type.bundle.ui-testing";
		};
/* End PBXNativeTarget section */

/* Begin PBXProject section */
		A859458E1DC5307400797F5F /* Project object */ = {
			isa = PBXProject;
			attributes = {
				LastSwiftUpdateCheck = 0800;
				LastUpgradeCheck = 0800;
				ORGANIZATIONNAME = "University of Montana";
				TargetAttributes = {
					A85945951DC5307400797F5F = {
						CreatedOnToolsVersion = 8.0;
						DevelopmentTeam = H2B8EC8PTB;
						ProvisioningStyle = Automatic;
					};
					A85945AC1DC5307500797F5F = {
						CreatedOnToolsVersion = 8.0;
						DevelopmentTeam = H2B8EC8PTB;
						ProvisioningStyle = Automatic;
						TestTargetID = A85945951DC5307400797F5F;
					};
					A85945B71DC5307500797F5F = {
						CreatedOnToolsVersion = 8.0;
						DevelopmentTeam = H2B8EC8PTB;
						ProvisioningStyle = Automatic;
						TestTargetID = A85945951DC5307400797F5F;
					};
				};
			};
			buildConfigurationList = A85945911DC5307400797F5F /* Build configuration list for PBXProject "UMove" */;
			compatibilityVersion = "Xcode 3.2";
			developmentRegion = English;
			hasScannedForEncodings = 0;
			knownRegions = (
				en,
				Base,
			);
			mainGroup = A859458D1DC5307400797F5F;
			productRefGroup = A85945971DC5307400797F5F /* Products */;
			projectDirPath = "";
			projectRoot = "";
			targets = (
				A85945951DC5307400797F5F /* UMove */,
				A85945AC1DC5307500797F5F /* UMoveTests */,
				A85945B71DC5307500797F5F /* UMoveUITests */,
			);
		};
/* End PBXProject section */

/* Begin PBXResourcesBuildPhase section */
		A85945941DC5307400797F5F /* Resources */ = {
			isa = PBXResourcesBuildPhase;
			buildActionMask = 2147483647;
			files = (
				A85945A71DC5307400797F5F /* LaunchScreen.storyboard in Resources */,
				A85945A41DC5307400797F5F /* Assets.xcassets in Resources */,
				A859459F1DC5307400797F5F /* Main.storyboard in Resources */,
			);
			runOnlyForDeploymentPostprocessing = 0;
		};
		A85945AB1DC5307500797F5F /* Resources */ = {
			isa = PBXResourcesBuildPhase;
			buildActionMask = 2147483647;
			files = (
			);
			runOnlyForDeploymentPostprocessing = 0;
		};
		A85945B61DC5307500797F5F /* Resources */ = {
			isa = PBXResourcesBuildPhase;
			buildActionMask = 2147483647;
			files = (
			);
			runOnlyForDeploymentPostprocessing = 0;
		};
/* End PBXResourcesBuildPhase section */

/* Begin PBXSourcesBuildPhase section */
		A85945921DC5307400797F5F /* Sources */ = {
			isa = PBXSourcesBuildPhase;
			buildActionMask = 2147483647;
			files = (
				A85945A21DC5307400797F5F /* UMove.xcdatamodeld in Sources */,
				A859459C1DC5307400797F5F /* ViewController.swift in Sources */,
				A859459A1DC5307400797F5F /* AppDelegate.swift in Sources */,
			);
			runOnlyForDeploymentPostprocessing = 0;
		};
		A85945A91DC5307500797F5F /* Sources */ = {
			isa = PBXSourcesBuildPhase;
			buildActionMask = 2147483647;
			files = (
				A85945B21DC5307500797F5F /* UMoveTests.swift in Sources */,
			);
			runOnlyForDeploymentPostprocessing = 0;
		};
		A85945B41DC5307500797F5F /* Sources */ = {
			isa = PBXSourcesBuildPhase;
			buildActionMask = 2147483647;
			files = (
				A85945BD1DC5307500797F5F /* UMoveUITests.swift in Sources */,
			);
			runOnlyForDeploymentPostprocessing = 0;
		};
/* End PBXSourcesBuildPhase section */

/* Begin PBXTargetDependency section */
		A85945AF1DC5307500797F5F /* PBXTargetDependency */ = {
			isa = PBXTargetDependency;
			target = A85945951DC5307400797F5F /* UMove */;
			targetProxy = A85945AE1DC5307500797F5F /* PBXContainerItemProxy */;
		};
		A85945BA1DC5307500797F5F /* PBXTargetDependency */ = {
			isa = PBXTargetDependency;
			target = A85945951DC5307400797F5F /* UMove */;
			targetProxy = A85945B91DC5307500797F5F /* PBXContainerItemProxy */;
		};
/* End PBXTargetDependency section */

/* Begin PBXVariantGroup section */
		A859459D1DC5307400797F5F /* Main.storyboard */ = {
			isa = PBXVariantGroup;
			children = (
				A859459E1DC5307400797F5F /* Base */,
			);
			name = Main.storyboard;
			sourceTree = "<group>";
		};
		A85945A51DC5307400797F5F /* LaunchScreen.storyboard */ = {
			isa = PBXVariantGroup;
			children = (
				A85945A61DC5307400797F5F /* Base */,
			);
			name = LaunchScreen.storyboard;
			sourceTree = "<group>";
		};
/* End PBXVariantGroup section */

/* Begin XCBuildConfiguration section */
		A85945BF1DC5307500797F5F /* Debug */ = {
			isa = XCBuildConfiguration;
			buildSettings = {
				ALWAYS_SEARCH_USER_PATHS = NO;
				CLANG_ANALYZER_NONNULL = YES;
				CLANG_CXX_LANGUAGE_STANDARD = "gnu++0x";
				CLANG_CXX_LIBRARY = "libc++";
				CLANG_ENABLE_MODULES = YES;
				CLANG_ENABLE_OBJC_ARC = YES;
				CLANG_WARN_BOOL_CONVERSION = YES;
				CLANG_WARN_CONSTANT_CONVERSION = YES;
				CLANG_WARN_DIRECT_OBJC_ISA_USAGE = YES_ERROR;
				CLANG_WARN_DOCUMENTATION_COMMENTS = YES;
				CLANG_WARN_EMPTY_BODY = YES;
				CLANG_WARN_ENUM_CONVERSION = YES;
				CLANG_WARN_INFINITE_RECURSION = YES;
				CLANG_WARN_INT_CONVERSION = YES;
				CLANG_WARN_OBJC_ROOT_CLASS = YES_ERROR;
				CLANG_WARN_SUSPICIOUS_MOVES = YES;
				CLANG_WARN_UNREACHABLE_CODE = YES;
				CLANG_WARN__DUPLICATE_METHOD_MATCH = YES;
				"CODE_SIGN_IDENTITY[sdk=iphoneos*]" = "iPhone Developer";
				COPY_PHASE_STRIP = NO;
				DEBUG_INFORMATION_FORMAT = dwarf;
				ENABLE_STRICT_OBJC_MSGSEND = YES;
				ENABLE_TESTABILITY = YES;
				GCC_C_LANGUAGE_STANDARD = gnu99;
				GCC_DYNAMIC_NO_PIC = NO;
				GCC_NO_COMMON_BLOCKS = YES;
				GCC_OPTIMIZATION_LEVEL = 0;
				GCC_PREPROCESSOR_DEFINITIONS = (
					"DEBUG=1",
					"$(inherited)",
				);
				GCC_WARN_64_TO_32_BIT_CONVERSION = YES;
				GCC_WARN_ABOUT_RETURN_TYPE = YES_ERROR;
				GCC_WARN_UNDECLARED_SELECTOR = YES;
				GCC_WARN_UNINITIALIZED_AUTOS = YES_AGGRESSIVE;
				GCC_WARN_UNUSED_FUNCTION = YES;
				GCC_WARN_UNUSED_VARIABLE = YES;
				IPHONEOS_DEPLOYMENT_TARGET = 10.0;
				MTL_ENABLE_DEBUG_INFO = YES;
				ONLY_ACTIVE_ARCH = YES;
				SDKROOT = iphoneos;
				SWIFT_ACTIVE_COMPILATION_CONDITIONS = DEBUG;
				SWIFT_OPTIMIZATION_LEVEL = "-Onone";
				TARGETED_DEVICE_FAMILY = "1,2";
			};
			name = Debug;
		};
		A85945C01DC5307500797F5F /* Release */ = {
			isa = XCBuildConfiguration;
			buildSettings = {
				ALWAYS_SEARCH_USER_PATHS = NO;
				CLANG_ANALYZER_NONNULL = YES;
				CLANG_CXX_LANGUAGE_STANDARD = "gnu++0x";
				CLANG_CXX_LIBRARY = "libc++";
				CLANG_ENABLE_MODULES = YES;
				CLANG_ENABLE_OBJC_ARC = YES;
				CLANG_WARN_BOOL_CONVERSION = YES;
				CLANG_WARN_CONSTANT_CONVERSION = YES;
				CLANG_WARN_DIRECT_OBJC_ISA_USAGE = YES_ERROR;
				CLANG_WARN_DOCUMENTATION_COMMENTS = YES;
				CLANG_WARN_EMPTY_BODY = YES;
				CLANG_WARN_ENUM_CONVERSION = YES;
				CLANG_WARN_INFINITE_RECURSION = YES;
				CLANG_WARN_INT_CONVERSION = YES;
				CLANG_WARN_OBJC_ROOT_CLASS = YES_ERROR;
				CLANG_WARN_SUSPICIOUS_MOVES = YES;
				CLANG_WARN_UNREACHABLE_CODE = YES;
				CLANG_WARN__DUPLICATE_METHOD_MATCH = YES;
				"CODE_SIGN_IDENTITY[sdk=iphoneos*]" = "iPhone Developer";
				COPY_PHASE_STRIP = NO;
				DEBUG_INFORMATION_FORMAT = "dwarf-with-dsym";
				ENABLE_NS_ASSERTIONS = NO;
				ENABLE_STRICT_OBJC_MSGSEND = YES;
				GCC_C_LANGUAGE_STANDARD = gnu99;
				GCC_NO_COMMON_BLOCKS = YES;
				GCC_WARN_64_TO_32_BIT_CONVERSION = YES;
				GCC_WARN_ABOUT_RETURN_TYPE = YES_ERROR;
				GCC_WARN_UNDECLARED_SELECTOR = YES;
				GCC_WARN_UNINITIALIZED_AUTOS = YES_AGGRESSIVE;
				GCC_WARN_UNUSED_FUNCTION = YES;
				GCC_WARN_UNUSED_VARIABLE = YES;
				IPHONEOS_DEPLOYMENT_TARGET = 10.0;
				MTL_ENABLE_DEBUG_INFO = NO;
				SDKROOT = iphoneos;
				SWIFT_OPTIMIZATION_LEVEL = "-Owholemodule";
				TARGETED_DEVICE_FAMILY = "1,2";
				VALIDATE_PRODUCT = YES;
			};
			name = Release;
		};
		A85945C21DC5307500797F5F /* Debug */ = {
			isa = XCBuildConfiguration;
			buildSettings = {
				ASSETCATALOG_COMPILER_APPICON_NAME = AppIcon;
				DEVELOPMENT_TEAM = H2B8EC8PTB;
				INFOPLIST_FILE = UMove/Info.plist;
				LD_RUNPATH_SEARCH_PATHS = "$(inherited) @executable_path/Frameworks";
				PRODUCT_BUNDLE_IDENTIFIER = com.uofm.UMove;
				PRODUCT_NAME = "$(TARGET_NAME)";
				SWIFT_VERSION = 3.0;
			};
			name = Debug;
		};
		A85945C31DC5307500797F5F /* Release */ = {
			isa = XCBuildConfiguration;
			buildSettings = {
				ASSETCATALOG_COMPILER_APPICON_NAME = AppIcon;
				DEVELOPMENT_TEAM = H2B8EC8PTB;
				INFOPLIST_FILE = UMove/Info.plist;
				LD_RUNPATH_SEARCH_PATHS = "$(inherited) @executable_path/Frameworks";
				PRODUCT_BUNDLE_IDENTIFIER = com.uofm.UMove;
				PRODUCT_NAME = "$(TARGET_NAME)";
				SWIFT_VERSION = 3.0;
			};
			name = Release;
		};
		A85945C51DC5307500797F5F /* Debug */ = {
			isa = XCBuildConfiguration;
			buildSettings = {
				ALWAYS_EMBED_SWIFT_STANDARD_LIBRARIES = YES;
				BUNDLE_LOADER = "$(TEST_HOST)";
				DEVELOPMENT_TEAM = H2B8EC8PTB;
				INFOPLIST_FILE = UMoveTests/Info.plist;
				LD_RUNPATH_SEARCH_PATHS = "$(inherited) @executable_path/Frameworks @loader_path/Frameworks";
				PRODUCT_BUNDLE_IDENTIFIER = com.uofm.UMoveTests;
				PRODUCT_NAME = "$(TARGET_NAME)";
				SWIFT_VERSION = 3.0;
				TEST_HOST = "$(BUILT_PRODUCTS_DIR)/UMove.app/UMove";
			};
			name = Debug;
		};
		A85945C61DC5307500797F5F /* Release */ = {
			isa = XCBuildConfiguration;
			buildSettings = {
				ALWAYS_EMBED_SWIFT_STANDARD_LIBRARIES = YES;
				BUNDLE_LOADER = "$(TEST_HOST)";
				DEVELOPMENT_TEAM = H2B8EC8PTB;
				INFOPLIST_FILE = UMoveTests/Info.plist;
				LD_RUNPATH_SEARCH_PATHS = "$(inherited) @executable_path/Frameworks @loader_path/Frameworks";
				PRODUCT_BUNDLE_IDENTIFIER = com.uofm.UMoveTests;
				PRODUCT_NAME = "$(TARGET_NAME)";
				SWIFT_VERSION = 3.0;
				TEST_HOST = "$(BUILT_PRODUCTS_DIR)/UMove.app/UMove";
			};
			name = Release;
		};
		A85945C81DC5307500797F5F /* Debug */ = {
			isa = XCBuildConfiguration;
			buildSettings = {
				ALWAYS_EMBED_SWIFT_STANDARD_LIBRARIES = YES;
				DEVELOPMENT_TEAM = H2B8EC8PTB;
				INFOPLIST_FILE = UMoveUITests/Info.plist;
				LD_RUNPATH_SEARCH_PATHS = "$(inherited) @executable_path/Frameworks @loader_path/Frameworks";
				PRODUCT_BUNDLE_IDENTIFIER = com.uofm.UMoveUITests;
				PRODUCT_NAME = "$(TARGET_NAME)";
				SWIFT_VERSION = 3.0;
				TEST_TARGET_NAME = UMove;
			};
			name = Debug;
		};
		A85945C91DC5307500797F5F /* Release */ = {
			isa = XCBuildConfiguration;
			buildSettings = {
				ALWAYS_EMBED_SWIFT_STANDARD_LIBRARIES = YES;
				DEVELOPMENT_TEAM = H2B8EC8PTB;
				INFOPLIST_FILE = UMoveUITests/Info.plist;
				LD_RUNPATH_SEARCH_PATHS = "$(inherited) @executable_path/Frameworks @loader_path/Frameworks";
				PRODUCT_BUNDLE_IDENTIFIER = com.uofm.UMoveUITests;
				PRODUCT_NAME = "$(TARGET_NAME)";
				SWIFT_VERSION = 3.0;
				TEST_TARGET_NAME = UMove;
			};
			name = Release;
		};
/* End XCBuildConfiguration section */

/* Begin XCConfigurationList section */
		A85945911DC5307400797F5F /* Build configuration list for PBXProject "UMove" */ = {
			isa = XCConfigurationList;
			buildConfigurations = (
				A85945BF1DC5307500797F5F /* Debug */,
				A85945C01DC5307500797F5F /* Release */,
			);
			defaultConfigurationIsVisible = 0;
			defaultConfigurationName = Release;
		};
		A85945C11DC5307500797F5F /* Build configuration list for PBXNativeTarget "UMove" */ = {
			isa = XCConfigurationList;
			buildConfigurations = (
				A85945C21DC5307500797F5F /* Debug */,
				A85945C31DC5307500797F5F /* Release */,
			);
			defaultConfigurationIsVisible = 0;
		};
		A85945C41DC5307500797F5F /* Build configuration list for PBXNativeTarget "UMoveTests" */ = {
			isa = XCConfigurationList;
			buildConfigurations = (
				A85945C51DC5307500797F5F /* Debug */,
				A85945C61DC5307500797F5F /* Release */,
			);
			defaultConfigurationIsVisible = 0;
		};
		A85945C71DC5307500797F5F /* Build configuration list for PBXNativeTarget "UMoveUITests" */ = {
			isa = XCConfigurationList;
			buildConfigurations = (
				A85945C81DC5307500797F5F /* Debug */,
				A85945C91DC5307500797F5F /* Release */,
			);
			defaultConfigurationIsVisible = 0;
		};
/* End XCConfigurationList section */

/* Begin XCVersionGroup section */
		A85945A01DC5307400797F5F /* UMove.xcdatamodeld */ = {
			isa = XCVersionGroup;
			children = (
				A85945A11DC5307400797F5F /* UMove.xcdatamodel */,
			);
			currentVersion = A85945A11DC5307400797F5F /* UMove.xcdatamodel */;
			path = UMove.xcdatamodeld;
			sourceTree = "<group>";
			versionGroupType = wrapper.xcdatamodel;
		};
/* End XCVersionGroup section */
	};
	rootObject = A859458E1DC5307400797F5F /* Project object */;
}
